
Microsoft Visual Studio Solution File, Format Version 12.00
# Visual Studio 2013
VisualStudioVersion = 12.0.30723.0
MinimumVisualStudioVersion = 10.0.40219.1
Project("{FAE04EC0-301F-11D3-BF4B-00C04F79EFBC}") = "Promises", "Promises\Promises.csproj", "{DDE6BD79-5C41-4C3E-98EF-083CA7A6634F}"
EndProject
Project("{FAE04EC0-301F-11D3-BF4B-00C04F79EFBC}") = "Promises.Tests", "Promises.Tests\Promises.Tests.csproj", "{A8376BAB-F082-4BB3-A793-192118848F4C}"
EndProject
Project("{FAE04EC0-301F-11D3-BF4B-00C04F79EFBC}") = "Promises.Net2Compatibility", "Promises.Net2Compatibility\Promises.Net2Compatibility.csproj", "{62E209A0-0BB5-45A8-B0AD-853979C7A2B9}"
EndProject
Global
	GlobalSection(SolutionConfigurationPlatforms) = preSolution
		Debug|Any CPU = Debug|Any CPU
		Release|Any CPU = Release|Any CPU
	EndGlobalSection
	GlobalSection(ProjectConfigurationPlatforms) = postSolution
		{DDE6BD79-5C41-4C3E-98EF-083CA7A6634F}.Debug|Any CPU.ActiveCfg = Debug|Any CPU
		{DDE6BD79-5C41-4C3E-98EF-083CA7A6634F}.Debug|Any CPU.Build.0 = Debug|Any CPU
		{DDE6BD79-5C41-4C3E-98EF-083CA7A6634F}.Release|Any CPU.ActiveCfg = Release|Any CPU
		{DDE6BD79-5C41-4C3E-98EF-083CA7A6634F}.Release|Any CPU.Build.0 = Release|Any CPU
		{A8376BAB-F082-4BB3-A793-192118848F4C}.Debug|Any CPU.ActiveCfg = Debug|Any CPU
		{A8376BAB-F082-4BB3-A793-192118848F4C}.Debug|Any CPU.Build.0 = Debug|Any CPU
		{A8376BAB-F082-4BB3-A793-192118848F4C}.Release|Any CPU.ActiveCfg = Release|Any CPU
		{A8376BAB-F082-4BB3-A793-192118848F4C}.Release|Any CPU.Build.0 = Release|Any CPU
		{62E209A0-0BB5-45A8-B0AD-853979C7A2B9}.Debug|Any CPU.ActiveCfg = Debug|Any CPU
		{62E209A0-0BB5-45A8-B0AD-853979C7A2B9}.Debug|Any CPU.Build.0 = Debug|Any CPU
		{62E209A0-0BB5-45A8-B0AD-853979C7A2B9}.Release|Any CPU.ActiveCfg = Release|Any CPU
		{62E209A0-0BB5-45A8-B0AD-853979C7A2B9}.Release|Any CPU.Build.0 = Release|Any CPU
	EndGlobalSection
	GlobalSection(SolutionProperties) = preSolution
		HideSolutionNode = FALSE
	EndGlobalSection
EndGlobal
